// !$*UTF8*$!
{
	archiveVersion = 1;
	classes = {
	};
	objectVersion = 46;
	objects = {

/* Begin PBXBuildFile section */
		4FFC0002897EFC1B14E5DF11 /* Pods_PokedexUITests.framework in Frameworks */ = {isa = PBXBuildFile; fileRef = F04801509533F4D1B83A4427 /* Pods_PokedexUITests.framework */; };
		D018EC201ECD8354005F0744 /* PokeCell.swift in Sources */ = {isa = PBXBuildFile; fileRef = D018EC1F1ECD8354005F0744 /* PokeCell.swift */; };
		D018EC221ECF84D8005F0744 /* csv.swift in Sources */ = {isa = PBXBuildFile; fileRef = D018EC211ECF84D7005F0744 /* csv.swift */; };
		D01ACDFB1ED00C6800FB57EC /* pokemon.ttf in Resources */ = {isa = PBXBuildFile; fileRef = D01ACDFA1ED00C6800FB57EC /* pokemon.ttf */; };
		D01ACE031ED012CC00FB57EC /* music.png in Resources */ = {isa = PBXBuildFile; fileRef = D01ACE021ED012CC00FB57EC /* music.png */; };
		D01ACE051ED0136E00FB57EC /* music.mp3 in Resources */ = {isa = PBXBuildFile; fileRef = D01ACE041ED0136E00FB57EC /* music.mp3 */; };
		D01ACE091ED27CC900FB57EC /* PokemonDetailVC.swift in Sources */ = {isa = PBXBuildFile; fileRef = D01ACE081ED27CC900FB57EC /* PokemonDetailVC.swift */; };
		D01ACE0B1ED4132400FB57EC /* Constants.swift in Sources */ = {isa = PBXBuildFile; fileRef = D01ACE0A1ED4132400FB57EC /* Constants.swift */; };
		D0C371261ECC202100F1C2A2 /* AppDelegate.swift in Sources */ = {isa = PBXBuildFile; fileRef = D0C371251ECC202100F1C2A2 /* AppDelegate.swift */; };
		D0C371281ECC202100F1C2A2 /* ViewController.swift in Sources */ = {isa = PBXBuildFile; fileRef = D0C371271ECC202100F1C2A2 /* ViewController.swift */; };
		D0C3712B1ECC202100F1C2A2 /* Main.storyboard in Resources */ = {isa = PBXBuildFile; fileRef = D0C371291ECC202100F1C2A2 /* Main.storyboard */; };
		D0C3712D1ECC202100F1C2A2 /* Assets.xcassets in Resources */ = {isa = PBXBuildFile; fileRef = D0C3712C1ECC202100F1C2A2 /* Assets.xcassets */; };
		D0C371301ECC202100F1C2A2 /* LaunchScreen.storyboard in Resources */ = {isa = PBXBuildFile; fileRef = D0C3712E1ECC202100F1C2A2 /* LaunchScreen.storyboard */; };
		D0C3713B1ECC202100F1C2A2 /* PokedexTests.swift in Sources */ = {isa = PBXBuildFile; fileRef = D0C3713A1ECC202100F1C2A2 /* PokedexTests.swift */; };
		D0C371461ECC202100F1C2A2 /* PokedexUITests.swift in Sources */ = {isa = PBXBuildFile; fileRef = D0C371451ECC202100F1C2A2 /* PokedexUITests.swift */; };
		D0C371541ECCDB6000F1C2A2 /* pokemon.csv in Resources */ = {isa = PBXBuildFile; fileRef = D0C371531ECCDB6000F1C2A2 /* pokemon.csv */; };
		D0C371571ECCDCEE00F1C2A2 /* Pokemon.swift in Sources */ = {isa = PBXBuildFile; fileRef = D0C371561ECCDCEE00F1C2A2 /* Pokemon.swift */; };
		D31CCB350F26F3D51C10F7B1 /* Pods_Pokedex.framework in Frameworks */ = {isa = PBXBuildFile; fileRef = 33E2C8C1A89A2E8AC169DED5 /* Pods_Pokedex.framework */; };
		F6643DE6164833029678AD64 /* Pods_PokedexTests.framework in Frameworks */ = {isa = PBXBuildFile; fileRef = 131FDE00BD3A842CCC89447A /* Pods_PokedexTests.framework */; };
/* End PBXBuildFile section */

/* Begin PBXContainerItemProxy section */
		D0C371371ECC202100F1C2A2 /* PBXContainerItemProxy */ = {
			isa = PBXContainerItemProxy;
			containerPortal = D0C3711A1ECC202000F1C2A2 /* Project object */;
			proxyType = 1;
			remoteGlobalIDString = D0C371211ECC202100F1C2A2;
			remoteInfo = Pokedex;
		};
		D0C371421ECC202100F1C2A2 /* PBXContainerItemProxy */ = {
			isa = PBXContainerItemProxy;
			containerPortal = D0C3711A1ECC202000F1C2A2 /* Project object */;
			proxyType = 1;
			remoteGlobalIDString = D0C371211ECC202100F1C2A2;
			remoteInfo = Pokedex;
		};
/* End PBXContainerItemProxy section */

/* Begin PBXFileReference section */
		131FDE00BD3A842CCC89447A /* Pods_PokedexTests.framework */ = {isa = PBXFileReference; explicitFileType = wrapper.framework; includeInIndex = 0; path = Pods_PokedexTests.framework; sourceTree = BUILT_PRODUCTS_DIR; };
		1E93B93F624DA58D7F704677 /* Pods-Pokedex.release.xcconfig */ = {isa = PBXFileReference; includeInIndex = 1; lastKnownFileType = text.xcconfig; name = "Pods-Pokedex.release.xcconfig"; path = "Pods/Target Support Files/Pods-Pokedex/Pods-Pokedex.release.xcconfig"; sourceTree = "<group>"; };
		227CC83EB047B9A5D6C1C557 /* Pods-PokedexUITests.release.xcconfig */ = {isa = PBXFileReference; includeInIndex = 1; lastKnownFileType = text.xcconfig; name = "Pods-PokedexUITests.release.xcconfig"; path = "Pods/Target Support Files/Pods-PokedexUITests/Pods-PokedexUITests.release.xcconfig"; sourceTree = "<group>"; };
		33E2C8C1A89A2E8AC169DED5 /* Pods_Pokedex.framework */ = {isa = PBXFileReference; explicitFileType = wrapper.framework; includeInIndex = 0; path = Pods_Pokedex.framework; sourceTree = BUILT_PRODUCTS_DIR; };
		441A4B0E7A1EC71082337F15 /* Pods-PokedexUITests.debug.xcconfig */ = {isa = PBXFileReference; includeInIndex = 1; lastKnownFileType = text.xcconfig; name = "Pods-PokedexUITests.debug.xcconfig"; path = "Pods/Target Support Files/Pods-PokedexUITests/Pods-PokedexUITests.debug.xcconfig"; sourceTree = "<group>"; };
		8C02E39BC3A42C7B597595F2 /* Pods-PokedexTests.debug.xcconfig */ = {isa = PBXFileReference; includeInIndex = 1; lastKnownFileType = text.xcconfig; name = "Pods-PokedexTests.debug.xcconfig"; path = "Pods/Target Support Files/Pods-PokedexTests/Pods-PokedexTests.debug.xcconfig"; sourceTree = "<group>"; };
		B4BD9CFA4F407F48A75AA736 /* Pods-Pokedex.debug.xcconfig */ = {isa = PBXFileReference; includeInIndex = 1; lastKnownFileType = text.xcconfig; name = "Pods-Pokedex.debug.xcconfig"; path = "Pods/Target Support Files/Pods-Pokedex/Pods-Pokedex.debug.xcconfig"; sourceTree = "<group>"; };
		D018EC1F1ECD8354005F0744 /* PokeCell.swift */ = {isa = PBXFileReference; fileEncoding = 4; lastKnownFileType = sourcecode.swift; path = PokeCell.swift; sourceTree = "<group>"; };
		D018EC211ECF84D7005F0744 /* csv.swift */ = {isa = PBXFileReference; fileEncoding = 4; lastKnownFileType = sourcecode.swift; path = csv.swift; sourceTree = "<group>"; };
		D01ACDFA1ED00C6800FB57EC /* pokemon.ttf */ = {isa = PBXFileReference; lastKnownFileType = file; path = pokemon.ttf; sourceTree = "<group>"; };
		D01ACE021ED012CC00FB57EC /* music.png */ = {isa = PBXFileReference; lastKnownFileType = image.png; path = music.png; sourceTree = "<group>"; };
		D01ACE041ED0136E00FB57EC /* music.mp3 */ = {isa = PBXFileReference; lastKnownFileType = audio.mp3; path = music.mp3; sourceTree = "<group>"; };
		D01ACE081ED27CC900FB57EC /* PokemonDetailVC.swift */ = {isa = PBXFileReference; fileEncoding = 4; lastKnownFileType = sourcecode.swift; path = PokemonDetailVC.swift; sourceTree = "<group>"; };
		D01ACE0A1ED4132400FB57EC /* Constants.swift */ = {isa = PBXFileReference; fileEncoding = 4; lastKnownFileType = sourcecode.swift; path = Constants.swift; sourceTree = "<group>"; };
		D0C371221ECC202100F1C2A2 /* Pokedex.app */ = {isa = PBXFileReference; explicitFileType = wrapper.application; includeInIndex = 0; path = Pokedex.app; sourceTree = BUILT_PRODUCTS_DIR; };
		D0C371251ECC202100F1C2A2 /* AppDelegate.swift */ = {isa = PBXFileReference; lastKnownFileType = sourcecode.swift; path = AppDelegate.swift; sourceTree = "<group>"; };
		D0C371271ECC202100F1C2A2 /* ViewController.swift */ = {isa = PBXFileReference; lastKnownFileType = sourcecode.swift; path = ViewController.swift; sourceTree = "<group>"; };
		D0C3712A1ECC202100F1C2A2 /* Base */ = {isa = PBXFileReference; lastKnownFileType = file.storyboard; name = Base; path = Base.lproj/Main.storyboard; sourceTree = "<group>"; };
		D0C3712C1ECC202100F1C2A2 /* Assets.xcassets */ = {isa = PBXFileReference; lastKnownFileType = folder.assetcatalog; path = Assets.xcassets; sourceTree = "<group>"; };
		D0C3712F1ECC202100F1C2A2 /* Base */ = {isa = PBXFileReference; lastKnownFileType = file.storyboard; name = Base; path = Base.lproj/LaunchScreen.storyboard; sourceTree = "<group>"; };
		D0C371311ECC202100F1C2A2 /* Info.plist */ = {isa = PBXFileReference; lastKnownFileType = text.plist.xml; path = Info.plist; sourceTree = "<group>"; };
		D0C371361ECC202100F1C2A2 /* PokedexTests.xctest */ = {isa = PBXFileReference; explicitFileType = wrapper.cfbundle; includeInIndex = 0; path = PokedexTests.xctest; sourceTree = BUILT_PRODUCTS_DIR; };
		D0C3713A1ECC202100F1C2A2 /* PokedexTests.swift */ = {isa = PBXFileReference; lastKnownFileType = sourcecode.swift; path = PokedexTests.swift; sourceTree = "<group>"; };
		D0C3713C1ECC202100F1C2A2 /* Info.plist */ = {isa = PBXFileReference; lastKnownFileType = text.plist.xml; path = Info.plist; sourceTree = "<group>"; };
		D0C371411ECC202100F1C2A2 /* PokedexUITests.xctest */ = {isa = PBXFileReference; explicitFileType = wrapper.cfbundle; includeInIndex = 0; path = PokedexUITests.xctest; sourceTree = BUILT_PRODUCTS_DIR; };
		D0C371451ECC202100F1C2A2 /* PokedexUITests.swift */ = {isa = PBXFileReference; lastKnownFileType = sourcecode.swift; path = PokedexUITests.swift; sourceTree = "<group>"; };
		D0C371471ECC202100F1C2A2 /* Info.plist */ = {isa = PBXFileReference; lastKnownFileType = text.plist.xml; path = Info.plist; sourceTree = "<group>"; };
		D0C371531ECCDB6000F1C2A2 /* pokemon.csv */ = {isa = PBXFileReference; fileEncoding = 4; lastKnownFileType = text; path = pokemon.csv; sourceTree = "<group>"; };
		D0C371561ECCDCEE00F1C2A2 /* Pokemon.swift */ = {isa = PBXFileReference; fileEncoding = 4; lastKnownFileType = sourcecode.swift; path = Pokemon.swift; sourceTree = "<group>"; };
		E87B98305F72DA742044BBC6 /* Pods-PokedexTests.release.xcconfig */ = {isa = PBXFileReference; includeInIndex = 1; lastKnownFileType = text.xcconfig; name = "Pods-PokedexTests.release.xcconfig"; path = "Pods/Target Support Files/Pods-PokedexTests/Pods-PokedexTests.release.xcconfig"; sourceTree = "<group>"; };
		F04801509533F4D1B83A4427 /* Pods_PokedexUITests.framework */ = {isa = PBXFileReference; explicitFileType = wrapper.framework; includeInIndex = 0; path = Pods_PokedexUITests.framework; sourceTree = BUILT_PRODUCTS_DIR; };
/* End PBXFileReference section */

/* Begin PBXFrameworksBuildPhase section */
		D0C3711F1ECC202100F1C2A2 /* Frameworks */ = {
			isa = PBXFrameworksBuildPhase;
			buildActionMask = 2147483647;
			files = (
				D31CCB350F26F3D51C10F7B1 /* Pods_Pokedex.framework in Frameworks */,
			);
			runOnlyForDeploymentPostprocessing = 0;
		};
		D0C371331ECC202100F1C2A2 /* Frameworks */ = {
			isa = PBXFrameworksBuildPhase;
			buildActionMask = 2147483647;
			files = (
				F6643DE6164833029678AD64 /* Pods_PokedexTests.framework in Frameworks */,
			);
			runOnlyForDeploymentPostprocessing = 0;
		};
		D0C3713E1ECC202100F1C2A2 /* Frameworks */ = {
			isa = PBXFrameworksBuildPhase;
			buildActionMask = 2147483647;
			files = (
				4FFC0002897EFC1B14E5DF11 /* Pods_PokedexUITests.framework in Frameworks */,
			);
			runOnlyForDeploymentPostprocessing = 0;
		};
/* End PBXFrameworksBuildPhase section */

/* Begin PBXGroup section */
		3454AD45E660BD10B48EAB9A /* Pods */ = {
			isa = PBXGroup;
			children = (
				B4BD9CFA4F407F48A75AA736 /* Pods-Pokedex.debug.xcconfig */,
				1E93B93F624DA58D7F704677 /* Pods-Pokedex.release.xcconfig */,
				8C02E39BC3A42C7B597595F2 /* Pods-PokedexTests.debug.xcconfig */,
				E87B98305F72DA742044BBC6 /* Pods-PokedexTests.release.xcconfig */,
				441A4B0E7A1EC71082337F15 /* Pods-PokedexUITests.debug.xcconfig */,
				227CC83EB047B9A5D6C1C557 /* Pods-PokedexUITests.release.xcconfig */,
			);
			name = Pods;
			sourceTree = "<group>";
		};
		9D3D85A41DAD31FD674A4881 /* Frameworks */ = {
			isa = PBXGroup;
			children = (
				33E2C8C1A89A2E8AC169DED5 /* Pods_Pokedex.framework */,
				131FDE00BD3A842CCC89447A /* Pods_PokedexTests.framework */,
				F04801509533F4D1B83A4427 /* Pods_PokedexUITests.framework */,
			);
			name = Frameworks;
			sourceTree = "<group>";
		};
		D018EC1E1ECD82CC005F0744 /* View */ = {
			isa = PBXGroup;
			children = (
				D018EC1F1ECD8354005F0744 /* PokeCell.swift */,
			);
			name = View;
			sourceTree = "<group>";
		};
		D01ACDFE1ED00D6C00FB57EC /* Controller */ = {
			isa = PBXGroup;
			children = (
				D0C371271ECC202100F1C2A2 /* ViewController.swift */,
				D01ACE081ED27CC900FB57EC /* PokemonDetailVC.swift */,
			);
			name = Controller;
			sourceTree = "<group>";
		};
		D01ACDFF1ED00DA500FB57EC /* Resources */ = {
			isa = PBXGroup;
			children = (
				D01ACDFA1ED00C6800FB57EC /* pokemon.ttf */,
				D0C371531ECCDB6000F1C2A2 /* pokemon.csv */,
			);
			name = Resources;
			sourceTree = "<group>";
		};
		D01ACE011ED00DD200FB57EC /* Utilities */ = {
			isa = PBXGroup;
			children = (
				D018EC211ECF84D7005F0744 /* csv.swift */,
				D01ACE0A1ED4132400FB57EC /* Constants.swift */,
			);
			name = Utilities;
			sourceTree = "<group>";
		};
		D0C371191ECC202000F1C2A2 = {
			isa = PBXGroup;
			children = (
				D0C371241ECC202100F1C2A2 /* Pokedex */,
				D0C371391ECC202100F1C2A2 /* PokedexTests */,
				D0C371441ECC202100F1C2A2 /* PokedexUITests */,
				D0C371231ECC202100F1C2A2 /* Products */,
				3454AD45E660BD10B48EAB9A /* Pods */,
				9D3D85A41DAD31FD674A4881 /* Frameworks */,
			);
			sourceTree = "<group>";
		};
		D0C371231ECC202100F1C2A2 /* Products */ = {
			isa = PBXGroup;
			children = (
				D0C371221ECC202100F1C2A2 /* Pokedex.app */,
				D0C371361ECC202100F1C2A2 /* PokedexTests.xctest */,
				D0C371411ECC202100F1C2A2 /* PokedexUITests.xctest */,
			);
			name = Products;
			sourceTree = "<group>";
		};
		D0C371241ECC202100F1C2A2 /* Pokedex */ = {
			isa = PBXGroup;
			children = (
				D01ACDFF1ED00DA500FB57EC /* Resources */,
				D01ACE011ED00DD200FB57EC /* Utilities */,
				D01ACDFE1ED00D6C00FB57EC /* Controller */,
				D018EC1E1ECD82CC005F0744 /* View */,
				D0C371551ECCDC9500F1C2A2 /* Model */,
				D0C371251ECC202100F1C2A2 /* AppDelegate.swift */,
				D0C371291ECC202100F1C2A2 /* Main.storyboard */,
				D0C3712C1ECC202100F1C2A2 /* Assets.xcassets */,
				D0C3712E1ECC202100F1C2A2 /* LaunchScreen.storyboard */,
				D01ACE021ED012CC00FB57EC /* music.png */,
				D01ACE041ED0136E00FB57EC /* music.mp3 */,
				D0C371311ECC202100F1C2A2 /* Info.plist */,
			);
			path = Pokedex;
			sourceTree = "<group>";
		};
		D0C371391ECC202100F1C2A2 /* PokedexTests */ = {
			isa = PBXGroup;
			children = (
				D0C3713A1ECC202100F1C2A2 /* PokedexTests.swift */,
				D0C3713C1ECC202100F1C2A2 /* Info.plist */,
			);
			path = PokedexTests;
			sourceTree = "<group>";
		};
		D0C371441ECC202100F1C2A2 /* PokedexUITests */ = {
			isa = PBXGroup;
			children = (
				D0C371451ECC202100F1C2A2 /* PokedexUITests.swift */,
				D0C371471ECC202100F1C2A2 /* Info.plist */,
			);
			path = PokedexUITests;
			sourceTree = "<group>";
		};
		D0C371551ECCDC9500F1C2A2 /* Model */ = {
			isa = PBXGroup;
			children = (
				D0C371561ECCDCEE00F1C2A2 /* Pokemon.swift */,
			);
			name = Model;
			sourceTree = "<group>";
		};
/* End PBXGroup section */

/* Begin PBXNativeTarget section */
		D0C371211ECC202100F1C2A2 /* Pokedex */ = {
			isa = PBXNativeTarget;
			buildConfigurationList = D0C3714A1ECC202100F1C2A2 /* Build configuration list for PBXNativeTarget "Pokedex" */;
			buildPhases = (
				8BF5A6C731F0A437A484AE5F /* [CP] Check Pods Manifest.lock */,
				D0C3711E1ECC202100F1C2A2 /* Sources */,
				D0C3711F1ECC202100F1C2A2 /* Frameworks */,
				D0C371201ECC202100F1C2A2 /* Resources */,
				BD7CECC9AD8665E91C427167 /* [CP] Embed Pods Frameworks */,
				5A5748E5C92953A8A0A32212 /* [CP] Copy Pods Resources */,
			);
			buildRules = (
			);
			dependencies = (
			);
			name = Pokedex;
			productName = Pokedex;
			productReference = D0C371221ECC202100F1C2A2 /* Pokedex.app */;
			productType = "com.apple.product-type.application";
		};
		D0C371351ECC202100F1C2A2 /* PokedexTests */ = {
			isa = PBXNativeTarget;
			buildConfigurationList = D0C3714D1ECC202100F1C2A2 /* Build configuration list for PBXNativeTarget "PokedexTests" */;
			buildPhases = (
				D22ADD3F2CE2D88F317C89EA /* [CP] Check Pods Manifest.lock */,
				D0C371321ECC202100F1C2A2 /* Sources */,
				D0C371331ECC202100F1C2A2 /* Frameworks */,
				D0C371341ECC202100F1C2A2 /* Resources */,
				480AD35D302614D316CD77AE /* [CP] Embed Pods Frameworks */,
				9D3073A789D67CB24754A55A /* [CP] Copy Pods Resources */,
			);
			buildRules = (
			);
			dependencies = (
				D0C371381ECC202100F1C2A2 /* PBXTargetDependency */,
			);
			name = PokedexTests;
			productName = PokedexTests;
			productReference = D0C371361ECC202100F1C2A2 /* PokedexTests.xctest */;
			productType = "com.apple.product-type.bundle.unit-test";
		};
		D0C371401ECC202100F1C2A2 /* PokedexUITests */ = {
			isa = PBXNativeTarget;
			buildConfigurationList = D0C371501ECC202100F1C2A2 /* Build configuration list for PBXNativeTarget "PokedexUITests" */;
			buildPhases = (
				FFCACDCBB1DDE6A7859810BD /* [CP] Check Pods Manifest.lock */,
				D0C3713D1ECC202100F1C2A2 /* Sources */,
				D0C3713E1ECC202100F1C2A2 /* Frameworks */,
				D0C3713F1ECC202100F1C2A2 /* Resources */,
				304C356C285F043C385C66E3 /* [CP] Embed Pods Frameworks */,
				B9B39D881EF62DB8236DE2A2 /* [CP] Copy Pods Resources */,
			);
			buildRules = (
			);
			dependencies = (
				D0C371431ECC202100F1C2A2 /* PBXTargetDependency */,
			);
			name = PokedexUITests;
			productName = PokedexUITests;
			productReference = D0C371411ECC202100F1C2A2 /* PokedexUITests.xctest */;
			productType = "com.apple.product-type.bundle.ui-testing";
		};
/* End PBXNativeTarget section */

/* Begin PBXProject section */
		D0C3711A1ECC202000F1C2A2 /* Project object */ = {
			isa = PBXProject;
			attributes = {
				LastSwiftUpdateCheck = 0830;
				LastUpgradeCheck = 0830;
				ORGANIZATIONNAME = "David Ramirez";
				TargetAttributes = {
					D0C371211ECC202100F1C2A2 = {
						CreatedOnToolsVersion = 8.3.2;
						DevelopmentTeam = MSPH9VBN9U;
						LastSwiftMigration = 0830;
						ProvisioningStyle = Automatic;
					};
					D0C371351ECC202100F1C2A2 = {
						CreatedOnToolsVersion = 8.3.2;
						DevelopmentTeam = MSPH9VBN9U;
						LastSwiftMigration = 0830;
						ProvisioningStyle = Automatic;
						TestTargetID = D0C371211ECC202100F1C2A2;
					};
					D0C371401ECC202100F1C2A2 = {
						CreatedOnToolsVersion = 8.3.2;
						DevelopmentTeam = MSPH9VBN9U;
						LastSwiftMigration = 0830;
						ProvisioningStyle = Automatic;
						TestTargetID = D0C371211ECC202100F1C2A2;
					};
				};
			};
			buildConfigurationList = D0C3711D1ECC202000F1C2A2 /* Build configuration list for PBXProject "Pokedex" */;
			compatibilityVersion = "Xcode 3.2";
			developmentRegion = English;
			hasScannedForEncodings = 0;
			knownRegions = (
				en,
				Base,
			);
			mainGroup = D0C371191ECC202000F1C2A2;
			productRefGroup = D0C371231ECC202100F1C2A2 /* Products */;
			projectDirPath = "";
			projectRoot = "";
			targets = (
				D0C371211ECC202100F1C2A2 /* Pokedex */,
				D0C371351ECC202100F1C2A2 /* PokedexTests */,
				D0C371401ECC202100F1C2A2 /* PokedexUITests */,
			);
		};
/* End PBXProject section */

/* Begin PBXResourcesBuildPhase section */
		D0C371201ECC202100F1C2A2 /* Resources */ = {
			isa = PBXResourcesBuildPhase;
			buildActionMask = 2147483647;
			files = (
				D01ACDFB1ED00C6800FB57EC /* pokemon.ttf in Resources */,
				D0C371301ECC202100F1C2A2 /* LaunchScreen.storyboard in Resources */,
				D0C3712D1ECC202100F1C2A2 /* Assets.xcassets in Resources */,
				D0C371541ECCDB6000F1C2A2 /* pokemon.csv in Resources */,
				D0C3712B1ECC202100F1C2A2 /* Main.storyboard in Resources */,
				D01ACE051ED0136E00FB57EC /* music.mp3 in Resources */,
				D01ACE031ED012CC00FB57EC /* music.png in Resources */,
			);
			runOnlyForDeploymentPostprocessing = 0;
		};
		D0C371341ECC202100F1C2A2 /* Resources */ = {
			isa = PBXResourcesBuildPhase;
			buildActionMask = 2147483647;
			files = (
			);
			runOnlyForDeploymentPostprocessing = 0;
		};
		D0C3713F1ECC202100F1C2A2 /* Resources */ = {
			isa = PBXResourcesBuildPhase;
			buildActionMask = 2147483647;
			files = (
			);
			runOnlyForDeploymentPostprocessing = 0;
		};
/* End PBXResourcesBuildPhase section */

/* Begin PBXShellScriptBuildPhase section */
		304C356C285F043C385C66E3 /* [CP] Embed Pods Frameworks */ = {
			isa = PBXShellScriptBuildPhase;
			buildActionMask = 2147483647;
			files = (
			);
			inputPaths = (
			);
			name = "[CP] Embed Pods Frameworks";
			outputPaths = (
			);
			runOnlyForDeploymentPostprocessing = 0;
			shellPath = /bin/sh;
			shellScript = "\"${SRCROOT}/Pods/Target Support Files/Pods-PokedexUITests/Pods-PokedexUITests-frameworks.sh\"\n";
			showEnvVarsInLog = 0;
		};
		480AD35D302614D316CD77AE /* [CP] Embed Pods Frameworks */ = {
			isa = PBXShellScriptBuildPhase;
			buildActionMask = 2147483647;
			files = (
			);
			inputPaths = (
			);
			name = "[CP] Embed Pods Frameworks";
			outputPaths = (
			);
			runOnlyForDeploymentPostprocessing = 0;
			shellPath = /bin/sh;
			shellScript = "\"${SRCROOT}/Pods/Target Support Files/Pods-PokedexTests/Pods-PokedexTests-frameworks.sh\"\n";
			showEnvVarsInLog = 0;
		};
		5A5748E5C92953A8A0A32212 /* [CP] Copy Pods Resources */ = {
			isa = PBXShellScriptBuildPhase;
			buildActionMask = 2147483647;
			files = (
			);
			inputPaths = (
			);
			name = "[CP] Copy Pods Resources";
			outputPaths = (
			);
			runOnlyForDeploymentPostprocessing = 0;
			shellPath = /bin/sh;
			shellScript = "\"${SRCROOT}/Pods/Target Support Files/Pods-Pokedex/Pods-Pokedex-resources.sh\"\n";
			showEnvVarsInLog = 0;
		};
		8BF5A6C731F0A437A484AE5F /* [CP] Check Pods Manifest.lock */ = {
			isa = PBXShellScriptBuildPhase;
			buildActionMask = 2147483647;
			files = (
			);
			inputPaths = (
			);
			name = "[CP] Check Pods Manifest.lock";
			outputPaths = (
			);
			runOnlyForDeploymentPostprocessing = 0;
			shellPath = /bin/sh;
			shellScript = "diff \"${PODS_PODFILE_DIR_PATH}/Podfile.lock\" \"${PODS_ROOT}/Manifest.lock\" > /dev/null\nif [ $? != 0 ] ; then\n    # print error to STDERR\n    echo \"error: The sandbox is not in sync with the Podfile.lock. Run 'pod install' or update your CocoaPods installation.\" >&2\n    exit 1\nfi\n";
			showEnvVarsInLog = 0;
		};
		9D3073A789D67CB24754A55A /* [CP] Copy Pods Resources */ = {
			isa = PBXShellScriptBuildPhase;
			buildActionMask = 2147483647;
			files = (
			);
			inputPaths = (
			);
			name = "[CP] Copy Pods Resources";
			outputPaths = (
			);
			runOnlyForDeploymentPostprocessing = 0;
			shellPath = /bin/sh;
			shellScript = "\"${SRCROOT}/Pods/Target Support Files/Pods-PokedexTests/Pods-PokedexTests-resources.sh\"\n";
			showEnvVarsInLog = 0;
		};
		B9B39D881EF62DB8236DE2A2 /* [CP] Copy Pods Resources */ = {
			isa = PBXShellScriptBuildPhase;
			buildActionMask = 2147483647;
			files = (
			);
			inputPaths = (
			);
			name = "[CP] Copy Pods Resources";
			outputPaths = (
			);
			runOnlyForDeploymentPostprocessing = 0;
			shellPath = /bin/sh;
			shellScript = "\"${SRCROOT}/Pods/Target Support Files/Pods-PokedexUITests/Pods-PokedexUITests-resources.sh\"\n";
			showEnvVarsInLog = 0;
		};
		BD7CECC9AD8665E91C427167 /* [CP] Embed Pods Frameworks */ = {
			isa = PBXShellScriptBuildPhase;
			buildActionMask = 2147483647;
			files = (
			);
			inputPaths = (
			);
			name = "[CP] Embed Pods Frameworks";
			outputPaths = (
			);
			runOnlyForDeploymentPostprocessing = 0;
			shellPath = /bin/sh;
			shellScript = "\"${SRCROOT}/Pods/Target Support Files/Pods-Pokedex/Pods-Pokedex-frameworks.sh\"\n";
			showEnvVarsInLog = 0;
		};
		D22ADD3F2CE2D88F317C89EA /* [CP] Check Pods Manifest.lock */ = {
			isa = PBXShellScriptBuildPhase;
			buildActionMask = 2147483647;
			files = (
			);
			inputPaths = (
			);
			name = "[CP] Check Pods Manifest.lock";
			outputPaths = (
			);
			runOnlyForDeploymentPostprocessing = 0;
			shellPath = /bin/sh;
			shellScript = "diff \"${PODS_PODFILE_DIR_PATH}/Podfile.lock\" \"${PODS_ROOT}/Manifest.lock\" > /dev/null\nif [ $? != 0 ] ; then\n    # print error to STDERR\n    echo \"error: The sandbox is not in sync with the Podfile.lock. Run 'pod install' or update your CocoaPods installation.\" >&2\n    exit 1\nfi\n";
			showEnvVarsInLog = 0;
		};
		FFCACDCBB1DDE6A7859810BD /* [CP] Check Pods Manifest.lock */ = {
			isa = PBXShellScriptBuildPhase;
			buildActionMask = 2147483647;
			files = (
			);
			inputPaths = (
			);
			name = "[CP] Check Pods Manifest.lock";
			outputPaths = (
			);
			runOnlyForDeploymentPostprocessing = 0;
			shellPath = /bin/sh;
			shellScript = "diff \"${PODS_PODFILE_DIR_PATH}/Podfile.lock\" \"${PODS_ROOT}/Manifest.lock\" > /dev/null\nif [ $? != 0 ] ; then\n    # print error to STDERR\n    echo \"error: The sandbox is not in sync with the Podfile.lock. Run 'pod install' or update your CocoaPods installation.\" >&2\n    exit 1\nfi\n";
			showEnvVarsInLog = 0;
		};
/* End PBXShellScriptBuildPhase section */

/* Begin PBXSourcesBuildPhase section */
		D0C3711E1ECC202100F1C2A2 /* Sources */ = {
			isa = PBXSourcesBuildPhase;
			buildActionMask = 2147483647;
			files = (
				D018EC201ECD8354005F0744 /* PokeCell.swift in Sources */,
				D0C371281ECC202100F1C2A2 /* ViewController.swift in Sources */,
				D0C371261ECC202100F1C2A2 /* AppDelegate.swift in Sources */,
				D01ACE091ED27CC900FB57EC /* PokemonDetailVC.swift in Sources */,
				D01ACE0B1ED4132400FB57EC /* Constants.swift in Sources */,
				D0C371571ECCDCEE00F1C2A2 /* Pokemon.swift in Sources */,
				D018EC221ECF84D8005F0744 /* csv.swift in Sources */,
			);
			runOnlyForDeploymentPostprocessing = 0;
		};
		D0C371321ECC202100F1C2A2 /* Sources */ = {
			isa = PBXSourcesBuildPhase;
			buildActionMask = 2147483647;
			files = (
				D0C3713B1ECC202100F1C2A2 /* PokedexTests.swift in Sources */,
			);
			runOnlyForDeploymentPostprocessing = 0;
		};
		D0C3713D1ECC202100F1C2A2 /* Sources */ = {
			isa = PBXSourcesBuildPhase;
			buildActionMask = 2147483647;
			files = (
				D0C371461ECC202100F1C2A2 /* PokedexUITests.swift in Sources */,
			);
			runOnlyForDeploymentPostprocessing = 0;
		};
/* End PBXSourcesBuildPhase section */

/* Begin PBXTargetDependency section */
		D0C371381ECC202100F1C2A2 /* PBXTargetDependency */ = {
			isa = PBXTargetDependency;
			target = D0C371211ECC202100F1C2A2 /* Pokedex */;
			targetProxy = D0C371371ECC202100F1C2A2 /* PBXContainerItemProxy */;
		};
		D0C371431ECC202100F1C2A2 /* PBXTargetDependency */ = {
			isa = PBXTargetDependency;
			target = D0C371211ECC202100F1C2A2 /* Pokedex */;
			targetProxy = D0C371421ECC202100F1C2A2 /* PBXContainerItemProxy */;
		};
/* End PBXTargetDependency section */

/* Begin PBXVariantGroup section */
		D0C371291ECC202100F1C2A2 /* Main.storyboard */ = {
			isa = PBXVariantGroup;
			children = (
				D0C3712A1ECC202100F1C2A2 /* Base */,
			);
			name = Main.storyboard;
			sourceTree = "<group>";
		};
		D0C3712E1ECC202100F1C2A2 /* LaunchScreen.storyboard */ = {
			isa = PBXVariantGroup;
			children = (
				D0C3712F1ECC202100F1C2A2 /* Base */,
			);
			name = LaunchScreen.storyboard;
			sourceTree = "<group>";
		};
/* End PBXVariantGroup section */

/* Begin XCBuildConfiguration section */
		D0C371481ECC202100F1C2A2 /* Debug */ = {
			isa = XCBuildConfiguration;
			buildSettings = {
				ALWAYS_SEARCH_USER_PATHS = NO;
				CLANG_ANALYZER_NONNULL = YES;
				CLANG_ANALYZER_NUMBER_OBJECT_CONVERSION = YES_AGGRESSIVE;
				CLANG_CXX_LANGUAGE_STANDARD = "gnu++0x";
				CLANG_CXX_LIBRARY = "libc++";
				CLANG_ENABLE_MODULES = YES;
				CLANG_ENABLE_OBJC_ARC = YES;
				CLANG_WARN_BOOL_CONVERSION = YES;
				CLANG_WARN_CONSTANT_CONVERSION = YES;
				CLANG_WARN_DIRECT_OBJC_ISA_USAGE = YES_ERROR;
				CLANG_WARN_DOCUMENTATION_COMMENTS = YES;
				CLANG_WARN_EMPTY_BODY = YES;
				CLANG_WARN_ENUM_CONVERSION = YES;
				CLANG_WARN_INFINITE_RECURSION = YES;
				CLANG_WARN_INT_CONVERSION = YES;
				CLANG_WARN_OBJC_ROOT_CLASS = YES_ERROR;
				CLANG_WARN_SUSPICIOUS_MOVE = YES;
				CLANG_WARN_UNREACHABLE_CODE = YES;
				CLANG_WARN__DUPLICATE_METHOD_MATCH = YES;
				"CODE_SIGN_IDENTITY[sdk=iphoneos*]" = "iPhone Developer";
				COPY_PHASE_STRIP = NO;
				DEBUG_INFORMATION_FORMAT = dwarf;
				ENABLE_STRICT_OBJC_MSGSEND = YES;
				ENABLE_TESTABILITY = YES;
				GCC_C_LANGUAGE_STANDARD = gnu99;
				GCC_DYNAMIC_NO_PIC = NO;
				GCC_NO_COMMON_BLOCKS = YES;
				GCC_OPTIMIZATION_LEVEL = 0;
				GCC_PREPROCESSOR_DEFINITIONS = (
					"DEBUG=1",
					"$(inherited)",
				);
				GCC_WARN_64_TO_32_BIT_CONVERSION = YES;
				GCC_WARN_ABOUT_RETURN_TYPE = YES_ERROR;
				GCC_WARN_UNDECLARED_SELECTOR = YES;
				GCC_WARN_UNINITIALIZED_AUTOS = YES_AGGRESSIVE;
				GCC_WARN_UNUSED_FUNCTION = YES;
				GCC_WARN_UNUSED_VARIABLE = YES;
				IPHONEOS_DEPLOYMENT_TARGET = 10.3;
				MTL_ENABLE_DEBUG_INFO = YES;
				ONLY_ACTIVE_ARCH = YES;
				SDKROOT = iphoneos;
				SWIFT_ACTIVE_COMPILATION_CONDITIONS = DEBUG;
				SWIFT_OPTIMIZATION_LEVEL = "-Onone";
			};
			name = Debug;
		};
		D0C371491ECC202100F1C2A2 /* Release */ = {
			isa = XCBuildConfiguration;
			buildSettings = {
				ALWAYS_SEARCH_USER_PATHS = NO;
				CLANG_ANALYZER_NONNULL = YES;
				CLANG_ANALYZER_NUMBER_OBJECT_CONVERSION = YES_AGGRESSIVE;
				CLANG_CXX_LANGUAGE_STANDARD = "gnu++0x";
				CLANG_CXX_LIBRARY = "libc++";
				CLANG_ENABLE_MODULES = YES;
				CLANG_ENABLE_OBJC_ARC = YES;
				CLANG_WARN_BOOL_CONVERSION = YES;
				CLANG_WARN_CONSTANT_CONVERSION = YES;
				CLANG_WARN_DIRECT_OBJC_ISA_USAGE = YES_ERROR;
				CLANG_WARN_DOCUMENTATION_COMMENTS = YES;
				CLANG_WARN_EMPTY_BODY = YES;
				CLANG_WARN_ENUM_CONVERSION = YES;
				CLANG_WARN_INFINITE_RECURSION = YES;
				CLANG_WARN_INT_CONVERSION = YES;
				CLANG_WARN_OBJC_ROOT_CLASS = YES_ERROR;
				CLANG_WARN_SUSPICIOUS_MOVE = YES;
				CLANG_WARN_UNREACHABLE_CODE = YES;
				CLANG_WARN__DUPLICATE_METHOD_MATCH = YES;
				"CODE_SIGN_IDENTITY[sdk=iphoneos*]" = "iPhone Developer";
				COPY_PHASE_STRIP = NO;
				DEBUG_INFORMATION_FORMAT = "dwarf-with-dsym";
				ENABLE_NS_ASSERTIONS = NO;
				ENABLE_STRICT_OBJC_MSGSEND = YES;
				GCC_C_LANGUAGE_STANDARD = gnu99;
				GCC_NO_COMMON_BLOCKS = YES;
				GCC_WARN_64_TO_32_BIT_CONVERSION = YES;
				GCC_WARN_ABOUT_RETURN_TYPE = YES_ERROR;
				GCC_WARN_UNDECLARED_SELECTOR = YES;
				GCC_WARN_UNINITIALIZED_AUTOS = YES_AGGRESSIVE;
				GCC_WARN_UNUSED_FUNCTION = YES;
				GCC_WARN_UNUSED_VARIABLE = YES;
				IPHONEOS_DEPLOYMENT_TARGET = 10.3;
				MTL_ENABLE_DEBUG_INFO = NO;
				SDKROOT = iphoneos;
				SWIFT_OPTIMIZATION_LEVEL = "-Owholemodule";
				VALIDATE_PRODUCT = YES;
			};
			name = Release;
		};
		D0C3714B1ECC202100F1C2A2 /* Debug */ = {
			isa = XCBuildConfiguration;
			baseConfigurationReference = B4BD9CFA4F407F48A75AA736 /* Pods-Pokedex.debug.xcconfig */;
			buildSettings = {
				ASSETCATALOG_COMPILER_APPICON_NAME = AppIcon;
				DEVELOPMENT_TEAM = MSPH9VBN9U;
				INFOPLIST_FILE = Pokedex/Info.plist;
				LD_RUNPATH_SEARCH_PATHS = "$(inherited) @executable_path/Frameworks";
				PRODUCT_BUNDLE_IDENTIFIER = com.davidramirez.Pokedex;
				PRODUCT_NAME = "$(TARGET_NAME)";
				SWIFT_VERSION = 3.0;
			};
			name = Debug;
		};
		D0C3714C1ECC202100F1C2A2 /* Release */ = {
			isa = XCBuildConfiguration;
			baseConfigurationReference = 1E93B93F624DA58D7F704677 /* Pods-Pokedex.release.xcconfig */;
			buildSettings = {
				ASSETCATALOG_COMPILER_APPICON_NAME = AppIcon;
				DEVELOPMENT_TEAM = MSPH9VBN9U;
				INFOPLIST_FILE = Pokedex/Info.plist;
				LD_RUNPATH_SEARCH_PATHS = "$(inherited) @executable_path/Frameworks";
				PRODUCT_BUNDLE_IDENTIFIER = com.davidramirez.Pokedex;
				PRODUCT_NAME = "$(TARGET_NAME)";
				SWIFT_VERSION = 3.0;
			};
			name = Release;
		};
		D0C3714E1ECC202100F1C2A2 /* Debug */ = {
			isa = XCBuildConfiguration;
			baseConfigurationReference = 8C02E39BC3A42C7B597595F2 /* Pods-PokedexTests.debug.xcconfig */;
			buildSettings = {
				ALWAYS_EMBED_SWIFT_STANDARD_LIBRARIES = YES;
				BUNDLE_LOADER = "$(TEST_HOST)";
				DEVELOPMENT_TEAM = MSPH9VBN9U;
				INFOPLIST_FILE = PokedexTests/Info.plist;
				LD_RUNPATH_SEARCH_PATHS = "$(inherited) @executable_path/Frameworks @loader_path/Frameworks";
				PRODUCT_BUNDLE_IDENTIFIER = com.davidramirez.PokedexTests;
				PRODUCT_NAME = "$(TARGET_NAME)";
				SWIFT_VERSION = 3.0;
				TEST_HOST = "$(BUILT_PRODUCTS_DIR)/Pokedex.app/Pokedex";
			};
			name = Debug;
		};
		D0C3714F1ECC202100F1C2A2 /* Release */ = {
			isa = XCBuildConfiguration;
			baseConfigurationReference = E87B98305F72DA742044BBC6 /* Pods-PokedexTests.release.xcconfig */;
			buildSettings = {
				ALWAYS_EMBED_SWIFT_STANDARD_LIBRARIES = YES;
				BUNDLE_LOADER = "$(TEST_HOST)";
				DEVELOPMENT_TEAM = MSPH9VBN9U;
				INFOPLIST_FILE = PokedexTests/Info.plist;
				LD_RUNPATH_SEARCH_PATHS = "$(inherited) @executable_path/Frameworks @loader_path/Frameworks";
				PRODUCT_BUNDLE_IDENTIFIER = com.davidramirez.PokedexTests;
				PRODUCT_NAME = "$(TARGET_NAME)";
				SWIFT_VERSION = 3.0;
				TEST_HOST = "$(BUILT_PRODUCTS_DIR)/Pokedex.app/Pokedex";
			};
			name = Release;
		};
		D0C371511ECC202100F1C2A2 /* Debug */ = {
			isa = XCBuildConfiguration;
			baseConfigurationReference = 441A4B0E7A1EC71082337F15 /* Pods-PokedexUITests.debug.xcconfig */;
			buildSettings = {
				ALWAYS_EMBED_SWIFT_STANDARD_LIBRARIES = YES;
				DEVELOPMENT_TEAM = MSPH9VBN9U;
				INFOPLIST_FILE = PokedexUITests/Info.plist;
				LD_RUNPATH_SEARCH_PATHS = "$(inherited) @executable_path/Frameworks @loader_path/Frameworks";
				PRODUCT_BUNDLE_IDENTIFIER = com.davidramirez.PokedexUITests;
				PRODUCT_NAME = "$(TARGET_NAME)";
				SWIFT_VERSION = 3.0;
				TEST_TARGET_NAME = Pokedex;
			};
			name = Debug;
		};
		D0C371521ECC202100F1C2A2 /* Release */ = {
			isa = XCBuildConfiguration;
			baseConfigurationReference = 227CC83EB047B9A5D6C1C557 /* Pods-PokedexUITests.release.xcconfig */;
			buildSettings = {
				ALWAYS_EMBED_SWIFT_STANDARD_LIBRARIES = YES;
				DEVELOPMENT_TEAM = MSPH9VBN9U;
				INFOPLIST_FILE = PokedexUITests/Info.plist;
				LD_RUNPATH_SEARCH_PATHS = "$(inherited) @executable_path/Frameworks @loader_path/Frameworks";
				PRODUCT_BUNDLE_IDENTIFIER = com.davidramirez.PokedexUITests;
				PRODUCT_NAME = "$(TARGET_NAME)";
				SWIFT_VERSION = 3.0;
				TEST_TARGET_NAME = Pokedex;
			};
			name = Release;
		};
/* End XCBuildConfiguration section */

/* Begin XCConfigurationList section */
		D0C3711D1ECC202000F1C2A2 /* Build configuration list for PBXProject "Pokedex" */ = {
			isa = XCConfigurationList;
			buildConfigurations = (
				D0C371481ECC202100F1C2A2 /* Debug */,
				D0C371491ECC202100F1C2A2 /* Release */,
			);
			defaultConfigurationIsVisible = 0;
			defaultConfigurationName = Release;
		};
		D0C3714A1ECC202100F1C2A2 /* Build configuration list for PBXNativeTarget "Pokedex" */ = {
			isa = XCConfigurationList;
			buildConfigurations = (
				D0C3714B1ECC202100F1C2A2 /* Debug */,
				D0C3714C1ECC202100F1C2A2 /* Release */,
			);
			defaultConfigurationIsVisible = 0;
			defaultConfigurationName = Release;
		};
		D0C3714D1ECC202100F1C2A2 /* Build configuration list for PBXNativeTarget "PokedexTests" */ = {
			isa = XCConfigurationList;
			buildConfigurations = (
				D0C3714E1ECC202100F1C2A2 /* Debug */,
				D0C3714F1ECC202100F1C2A2 /* Release */,
			);
			defaultConfigurationIsVisible = 0;
			defaultConfigurationName = Release;
		};
		D0C371501ECC202100F1C2A2 /* Build configuration list for PBXNativeTarget "PokedexUITests" */ = {
			isa = XCConfigurationList;
			buildConfigurations = (
				D0C371511ECC202100F1C2A2 /* Debug */,
				D0C371521ECC202100F1C2A2 /* Release */,
			);
			defaultConfigurationIsVisible = 0;
			defaultConfigurationName = Release;
		};
/* End XCConfigurationList section */
	};
	rootObject = D0C3711A1ECC202000F1C2A2 /* Project object */;
}
